
Microsoft Visual Studio Solution File, Format Version 12.00
# Visual Studio 2013
VisualStudioVersion = 12.0.21005.1
MinimumVisualStudioVersion = 10.0.40219.1
Project("{FAE04EC0-301F-11D3-BF4B-00C04F79EFBC}") = "LyphTEC.Repository.MongoDB", "LyphTEC.Repository.MongoDB\LyphTEC.Repository.MongoDB.csproj", "{B788F78D-862E-4060-9C0A-A10D17ED4814}"
EndProject
Project("{2150E333-8FDC-42A3-9474-1A3956D46DE8}") = "Common", "Common", "{D325C38F-2C10-41C5-9A81-8B6543A0040F}"
	ProjectSection(SolutionItems) = preProject
		build.cmd = build.cmd
		Build\Build.proj = Build\Build.proj
		Common\CommonAssemblyInfo.cs = Common\CommonAssemblyInfo.cs
	EndProjectSection
EndProject
Project("{FAE04EC0-301F-11D3-BF4B-00C04F79EFBC}") = "LyphTEC.Repository.MongoDB.Tests", "LyphTEC.Repository.MongoDB.Tests\LyphTEC.Repository.MongoDB.Tests.csproj", "{4B9B5486-DD94-4C44-A31E-5560A26150DD}"
EndProject
Project("{2150E333-8FDC-42A3-9474-1A3956D46DE8}") = ".nuget", ".nuget", "{274B4428-62F2-4A2F-BDF3-7BC8238437B0}"
	ProjectSection(SolutionItems) = preProject
		.nuget\NuGet.Config = .nuget\NuGet.Config
		.nuget\NuGet.exe = .nuget\NuGet.exe
		.nuget\NuGet.targets = .nuget\NuGet.targets
	EndProjectSection
EndProject
Global
	GlobalSection(SolutionConfigurationPlatforms) = preSolution
		Debug|Any CPU = Debug|Any CPU
		Release|Any CPU = Release|Any CPU
	EndGlobalSection
	GlobalSection(ProjectConfigurationPlatforms) = postSolution
		{B788F78D-862E-4060-9C0A-A10D17ED4814}.Debug|Any CPU.ActiveCfg = Debug|Any CPU
		{B788F78D-862E-4060-9C0A-A10D17ED4814}.Debug|Any CPU.Build.0 = Debug|Any CPU
		{B788F78D-862E-4060-9C0A-A10D17ED4814}.Release|Any CPU.ActiveCfg = Release|Any CPU
		{B788F78D-862E-4060-9C0A-A10D17ED4814}.Release|Any CPU.Build.0 = Release|Any CPU
		{4B9B5486-DD94-4C44-A31E-5560A26150DD}.Debug|Any CPU.ActiveCfg = Debug|Any CPU
		{4B9B5486-DD94-4C44-A31E-5560A26150DD}.Debug|Any CPU.Build.0 = Debug|Any CPU
		{4B9B5486-DD94-4C44-A31E-5560A26150DD}.Release|Any CPU.ActiveCfg = Release|Any CPU
	EndGlobalSection
	GlobalSection(SolutionProperties) = preSolution
		HideSolutionNode = FALSE
	EndGlobalSection
EndGlobal
